
Microsoft Visual Studio Solution File, Format Version 12.00
# Visual Studio Version 16
VisualStudioVersion = 16.0.31424.327
MinimumVisualStudioVersion = 10.0.40219.1
Project("{FAE04EC0-301F-11D3-BF4B-00C04F79EFBC}") = "CoreWinFormsApp2", "CoreWinFormsApp2\CoreWinFormsApp2.csproj", "{A099631A-8163-4280-B4E3-6980D423F986}"
EndProject
Global
	GlobalSection(SolutionConfigurationPlatforms) = preSolution
		Debug|Any CPU = Debug|Any CPU
		Release|Any CPU = Release|Any CPU
	EndGlobalSection
	GlobalSection(ProjectConfigurationPlatforms) = postSolution
		{A099631A-8163-4280-B4E3-6980D423F986}.Debug|Any CPU.ActiveCfg = Debug|Any CPU
		{A099631A-8163-4280-B4E3-6980D423F986}.Debug|Any CPU.Build.0 = Debug|Any CPU
		{A099631A-8163-4280-B4E3-6980D423F986}.Release|Any CPU.ActiveCfg = Release|Any CPU
		{A099631A-8163-4280-B4E3-6980D423F986}.Release|Any CPU.Build.0 = Release|Any CPU
	EndGlobalSection
	GlobalSection(SolutionProperties) = preSolution
		HideSolutionNode = FALSE
	EndGlobalSection
	GlobalSection(ExtensibilityGlobals) = postSolution
		SolutionGuid = {311A5BB9-5C3F-470C-B4E8-4E65CB38EA4B}
	EndGlobalSection
EndGlobal
